
Microsoft Visual Studio Solution File, Format Version 12.00
# Visual Studio Version 17
VisualStudioVersion = 17.11.35312.102
MinimumVisualStudioVersion = 10.0.40219.1
Project("{FAE04EC0-301F-11D3-BF4B-00C04F79EFBC}") = "GestionEstudiantes", "GestionEstudiantes\GestionEstudiantes.csproj", "{3B49A3DC-1BF0-4295-9A21-184E9F9FEA8E}"
EndProject
Global
	GlobalSection(SolutionConfigurationPlatforms) = preSolution
		Debug|Any CPU = Debug|Any CPU
		Release|Any CPU = Release|Any CPU
	EndGlobalSection
	GlobalSection(ProjectConfigurationPlatforms) = postSolution
		{3B49A3DC-1BF0-4295-9A21-184E9F9FEA8E}.Debug|Any CPU.ActiveCfg = Debug|Any CPU
		{3B49A3DC-1BF0-4295-9A21-184E9F9FEA8E}.Debug|Any CPU.Build.0 = Debug|Any CPU
		{3B49A3DC-1BF0-4295-9A21-184E9F9FEA8E}.Release|Any CPU.ActiveCfg = Release|Any CPU
		{3B49A3DC-1BF0-4295-9A21-184E9F9FEA8E}.Release|Any CPU.Build.0 = Release|Any CPU
	EndGlobalSection
	GlobalSection(SolutionProperties) = preSolution
		HideSolutionNode = FALSE
	EndGlobalSection
	GlobalSection(ExtensibilityGlobals) = postSolution
		SolutionGuid = {0124E444-0238-466E-A3B9-54318CA12823}
	EndGlobalSection
EndGlobal
